
Microsoft Visual Studio Solution File, Format Version 12.00
# Visual Studio Version 17
VisualStudioVersion = 17.10.35027.167
MinimumVisualStudioVersion = 10.0.40219.1
Project("{FAE04EC0-301F-11D3-BF4B-00C04F79EFBC}") = "LedgerAPI", "LedgerAPI.csproj", "{CF4CDABE-90C5-4D2D-951F-8EDE570EE6EB}"
EndProject
Project("{FAE04EC0-301F-11D3-BF4B-00C04F79EFBC}") = "LegerAPI.Contract", "..\LegerAPI.Contract\LegerAPI.Contract.csproj", "{6A9DC4F4-266F-4F66-B428-FF9330839543}"
EndProject
Project("{FAE04EC0-301F-11D3-BF4B-00C04F79EFBC}") = "LedgerAPI.Provider", "..\LedgerAPI.Provider\LedgerAPI.Provider.csproj", "{938BADF6-84A4-4F97-B602-647D2620F595}"
EndProject
Global
	GlobalSection(SolutionConfigurationPlatforms) = preSolution
		Debug|Any CPU = Debug|Any CPU
		Release|Any CPU = Release|Any CPU
	EndGlobalSection
	GlobalSection(ProjectConfigurationPlatforms) = postSolution
		{CF4CDABE-90C5-4D2D-951F-8EDE570EE6EB}.Debug|Any CPU.ActiveCfg = Debug|Any CPU
		{CF4CDABE-90C5-4D2D-951F-8EDE570EE6EB}.Debug|Any CPU.Build.0 = Debug|Any CPU
		{CF4CDABE-90C5-4D2D-951F-8EDE570EE6EB}.Release|Any CPU.ActiveCfg = Release|Any CPU
		{CF4CDABE-90C5-4D2D-951F-8EDE570EE6EB}.Release|Any CPU.Build.0 = Release|Any CPU
		{6A9DC4F4-266F-4F66-B428-FF9330839543}.Debug|Any CPU.ActiveCfg = Debug|Any CPU
		{6A9DC4F4-266F-4F66-B428-FF9330839543}.Debug|Any CPU.Build.0 = Debug|Any CPU
		{6A9DC4F4-266F-4F66-B428-FF9330839543}.Release|Any CPU.ActiveCfg = Release|Any CPU
		{6A9DC4F4-266F-4F66-B428-FF9330839543}.Release|Any CPU.Build.0 = Release|Any CPU
		{938BADF6-84A4-4F97-B602-647D2620F595}.Debug|Any CPU.ActiveCfg = Debug|Any CPU
		{938BADF6-84A4-4F97-B602-647D2620F595}.Debug|Any CPU.Build.0 = Debug|Any CPU
		{938BADF6-84A4-4F97-B602-647D2620F595}.Release|Any CPU.ActiveCfg = Release|Any CPU
		{938BADF6-84A4-4F97-B602-647D2620F595}.Release|Any CPU.Build.0 = Release|Any CPU
	EndGlobalSection
	GlobalSection(SolutionProperties) = preSolution
		HideSolutionNode = FALSE
	EndGlobalSection
	GlobalSection(ExtensibilityGlobals) = postSolution
		SolutionGuid = {720EB680-C705-4BAE-9F42-415D2289A3D5}
	EndGlobalSection
EndGlobal
